
Microsoft Visual Studio Solution File, Format Version 12.00
# Visual Studio Version 16
VisualStudioVersion = 16.0.31624.102
MinimumVisualStudioVersion = 10.0.40219.1
Project("{FAE04EC0-301F-11D3-BF4B-00C04F79EFBC}") = "test", "test.csproj", "{A7E8AD69-811D-460C-B08D-E81468807F01}"
EndProject
Global
	GlobalSection(SolutionConfigurationPlatforms) = preSolution
		Debug|Any CPU = Debug|Any CPU
		Debug|x86 = Debug|x86
		Release|Any CPU = Release|Any CPU
		Release|x86 = Release|x86
	EndGlobalSection
	GlobalSection(ProjectConfigurationPlatforms) = postSolution
		{A7E8AD69-811D-460C-B08D-E81468807F01}.Debug|Any CPU.ActiveCfg = Debug|x86
		{A7E8AD69-811D-460C-B08D-E81468807F01}.Debug|x86.ActiveCfg = Debug|x86
		{A7E8AD69-811D-460C-B08D-E81468807F01}.Debug|x86.Build.0 = Debug|x86
		{A7E8AD69-811D-460C-B08D-E81468807F01}.Release|Any CPU.ActiveCfg = Release|x86
		{A7E8AD69-811D-460C-B08D-E81468807F01}.Release|x86.ActiveCfg = Release|x86
		{A7E8AD69-811D-460C-B08D-E81468807F01}.Release|x86.Build.0 = Release|x86
	EndGlobalSection
	GlobalSection(SolutionProperties) = preSolution
		HideSolutionNode = FALSE
	EndGlobalSection
	GlobalSection(ExtensibilityGlobals) = postSolution
		SolutionGuid = {7359835F-6EE4-4885-B96B-09134A81771C}
	EndGlobalSection
EndGlobal
